
Microsoft Visual Studio Solution File, Format Version 12.00
# Visual Studio Version 16
VisualStudioVersion = 16.0.31402.337
MinimumVisualStudioVersion = 10.0.40219.1
Project("{FAE04EC0-301F-11D3-BF4B-00C04F79EFBC}") = "Admin", "Admin\Admin.csproj", "{F6114BC0-5E1D-4DDC-A841-380B4339A9D1}"
EndProject
Project("{FAE04EC0-301F-11D3-BF4B-00C04F79EFBC}") = "Admin.Tests", "Admin.Tests\Admin.Tests.csproj", "{EB1510FA-3789-4490-9A2B-9888F1033320}"
EndProject
Global
	GlobalSection(SolutionConfigurationPlatforms) = preSolution
		Debug|Any CPU = Debug|Any CPU
		Release|Any CPU = Release|Any CPU
	EndGlobalSection
	GlobalSection(ProjectConfigurationPlatforms) = postSolution
		{F6114BC0-5E1D-4DDC-A841-380B4339A9D1}.Debug|Any CPU.ActiveCfg = Debug|Any CPU
		{F6114BC0-5E1D-4DDC-A841-380B4339A9D1}.Debug|Any CPU.Build.0 = Debug|Any CPU
		{F6114BC0-5E1D-4DDC-A841-380B4339A9D1}.Release|Any CPU.ActiveCfg = Release|Any CPU
		{F6114BC0-5E1D-4DDC-A841-380B4339A9D1}.Release|Any CPU.Build.0 = Release|Any CPU
		{EB1510FA-3789-4490-9A2B-9888F1033320}.Debug|Any CPU.ActiveCfg = Debug|Any CPU
		{EB1510FA-3789-4490-9A2B-9888F1033320}.Debug|Any CPU.Build.0 = Debug|Any CPU
		{EB1510FA-3789-4490-9A2B-9888F1033320}.Release|Any CPU.ActiveCfg = Release|Any CPU
		{EB1510FA-3789-4490-9A2B-9888F1033320}.Release|Any CPU.Build.0 = Release|Any CPU
	EndGlobalSection
	GlobalSection(SolutionProperties) = preSolution
		HideSolutionNode = FALSE
	EndGlobalSection
	GlobalSection(ExtensibilityGlobals) = postSolution
		SolutionGuid = {0753E12A-ED04-4A2B-B965-7B98314CB1AA}
	EndGlobalSection
EndGlobal
